
Microsoft Visual Studio Solution File, Format Version 12.00
# Visual Studio Version 17
VisualStudioVersion = 17.3.32825.248
MinimumVisualStudioVersion = 10.0.40219.1
Project("{9A19103F-16F7-4668-BE54-9A1E7A4F7556}") = "StudyCenter", "baza\StudyCenter.csproj", "{BD25AF4E-EFD7-4BBB-BD6D-C55627167130}"
EndProject
Global
	GlobalSection(SolutionConfigurationPlatforms) = preSolution
		Debug|Any CPU = Debug|Any CPU
		Release|Any CPU = Release|Any CPU
	EndGlobalSection
	GlobalSection(ProjectConfigurationPlatforms) = postSolution
		{BD25AF4E-EFD7-4BBB-BD6D-C55627167130}.Debug|Any CPU.ActiveCfg = Debug|Any CPU
		{BD25AF4E-EFD7-4BBB-BD6D-C55627167130}.Debug|Any CPU.Build.0 = Debug|Any CPU
		{BD25AF4E-EFD7-4BBB-BD6D-C55627167130}.Release|Any CPU.ActiveCfg = Release|Any CPU
		{BD25AF4E-EFD7-4BBB-BD6D-C55627167130}.Release|Any CPU.Build.0 = Release|Any CPU
	EndGlobalSection
	GlobalSection(SolutionProperties) = preSolution
		HideSolutionNode = FALSE
	EndGlobalSection
	GlobalSection(ExtensibilityGlobals) = postSolution
		SolutionGuid = {964145AB-78CD-42C7-8AAA-B57EC7F848F9}
	EndGlobalSection
EndGlobal
